// !$*UTF8*$!
{
	archiveVersion = 1;
	classes = {
	};
	objectVersion = 46;
	objects = {

/* Begin PBXBuildFile section */
		851A76BB201FF14000513747 /* AppDelegate.swift in Sources */ = {isa = PBXBuildFile; fileRef = 851A76BA201FF14000513747 /* AppDelegate.swift */; };
		851A76BD201FF14000513747 /* ViewController.swift in Sources */ = {isa = PBXBuildFile; fileRef = 851A76BC201FF14000513747 /* ViewController.swift */; };
		851A76C0201FF14000513747 /* Main.storyboard in Resources */ = {isa = PBXBuildFile; fileRef = 851A76BE201FF14000513747 /* Main.storyboard */; };
		851A76C2201FF14000513747 /* Assets.xcassets in Resources */ = {isa = PBXBuildFile; fileRef = 851A76C1201FF14000513747 /* Assets.xcassets */; };
		851A76C5201FF14000513747 /* LaunchScreen.storyboard in Resources */ = {isa = PBXBuildFile; fileRef = 851A76C3201FF14000513747 /* LaunchScreen.storyboard */; };
		851A76D0201FF14000513747 /* transicionesTests.swift in Sources */ = {isa = PBXBuildFile; fileRef = 851A76CF201FF14000513747 /* transicionesTests.swift */; };
		851A76DB201FF14000513747 /* transicionesUITests.swift in Sources */ = {isa = PBXBuildFile; fileRef = 851A76DA201FF14000513747 /* transicionesUITests.swift */; };
/* End PBXBuildFile section */

/* Begin PBXContainerItemProxy section */
		851A76CC201FF14000513747 /* PBXContainerItemProxy */ = {
			isa = PBXContainerItemProxy;
			containerPortal = 851A76AF201FF13F00513747 /* Project object */;
			proxyType = 1;
			remoteGlobalIDString = 851A76B6201FF13F00513747;
			remoteInfo = transiciones;
		};
		851A76D7201FF14000513747 /* PBXContainerItemProxy */ = {
			isa = PBXContainerItemProxy;
			containerPortal = 851A76AF201FF13F00513747 /* Project object */;
			proxyType = 1;
			remoteGlobalIDString = 851A76B6201FF13F00513747;
			remoteInfo = transiciones;
		};
/* End PBXContainerItemProxy section */

/* Begin PBXFileReference section */
		851A76B7201FF14000513747 /* transiciones.app */ = {isa = PBXFileReference; explicitFileType = wrapper.application; includeInIndex = 0; path = transiciones.app; sourceTree = BUILT_PRODUCTS_DIR; };
		851A76BA201FF14000513747 /* AppDelegate.swift */ = {isa = PBXFileReference; lastKnownFileType = sourcecode.swift; path = AppDelegate.swift; sourceTree = "<group>"; };
		851A76BC201FF14000513747 /* ViewController.swift */ = {isa = PBXFileReference; lastKnownFileType = sourcecode.swift; path = ViewController.swift; sourceTree = "<group>"; };
		851A76BF201FF14000513747 /* Base */ = {isa = PBXFileReference; lastKnownFileType = file.storyboard; name = Base; path = Base.lproj/Main.storyboard; sourceTree = "<group>"; };
		851A76C1201FF14000513747 /* Assets.xcassets */ = {isa = PBXFileReference; lastKnownFileType = folder.assetcatalog; path = Assets.xcassets; sourceTree = "<group>"; };
		851A76C4201FF14000513747 /* Base */ = {isa = PBXFileReference; lastKnownFileType = file.storyboard; name = Base; path = Base.lproj/LaunchScreen.storyboard; sourceTree = "<group>"; };
		851A76C6201FF14000513747 /* Info.plist */ = {isa = PBXFileReference; lastKnownFileType = text.plist.xml; path = Info.plist; sourceTree = "<group>"; };
		851A76CB201FF14000513747 /* transicionesTests.xctest */ = {isa = PBXFileReference; explicitFileType = wrapper.cfbundle; includeInIndex = 0; path = transicionesTests.xctest; sourceTree = BUILT_PRODUCTS_DIR; };
		851A76CF201FF14000513747 /* transicionesTests.swift */ = {isa = PBXFileReference; lastKnownFileType = sourcecode.swift; path = transicionesTests.swift; sourceTree = "<group>"; };
		851A76D1201FF14000513747 /* Info.plist */ = {isa = PBXFileReference; lastKnownFileType = text.plist.xml; path = Info.plist; sourceTree = "<group>"; };
		851A76D6201FF14000513747 /* transicionesUITests.xctest */ = {isa = PBXFileReference; explicitFileType = wrapper.cfbundle; includeInIndex = 0; path = transicionesUITests.xctest; sourceTree = BUILT_PRODUCTS_DIR; };
		851A76DA201FF14000513747 /* transicionesUITests.swift */ = {isa = PBXFileReference; lastKnownFileType = sourcecode.swift; path = transicionesUITests.swift; sourceTree = "<group>"; };
		851A76DC201FF14000513747 /* Info.plist */ = {isa = PBXFileReference; lastKnownFileType = text.plist.xml; path = Info.plist; sourceTree = "<group>"; };
/* End PBXFileReference section */

/* Begin PBXFrameworksBuildPhase section */
		851A76B4201FF13F00513747 /* Frameworks */ = {
			isa = PBXFrameworksBuildPhase;
			buildActionMask = 2147483647;
			files = (
			);
			runOnlyForDeploymentPostprocessing = 0;
		};
		851A76C8201FF14000513747 /* Frameworks */ = {
			isa = PBXFrameworksBuildPhase;
			buildActionMask = 2147483647;
			files = (
			);
			runOnlyForDeploymentPostprocessing = 0;
		};
		851A76D3201FF14000513747 /* Frameworks */ = {
			isa = PBXFrameworksBuildPhase;
			buildActionMask = 2147483647;
			files = (
			);
			runOnlyForDeploymentPostprocessing = 0;
		};
/* End PBXFrameworksBuildPhase section */

/* Begin PBXGroup section */
		851A76AE201FF13F00513747 = {
			isa = PBXGroup;
			children = (
				851A76B9201FF14000513747 /* transiciones */,
				851A76CE201FF14000513747 /* transicionesTests */,
				851A76D9201FF14000513747 /* transicionesUITests */,
				851A76B8201FF14000513747 /* Products */,
			);
			sourceTree = "<group>";
		};
		851A76B8201FF14000513747 /* Products */ = {
			isa = PBXGroup;
			children = (
				851A76B7201FF14000513747 /* transiciones.app */,
				851A76CB201FF14000513747 /* transicionesTests.xctest */,
				851A76D6201FF14000513747 /* transicionesUITests.xctest */,
			);
			name = Products;
			sourceTree = "<group>";
		};
		851A76B9201FF14000513747 /* transiciones */ = {
			isa = PBXGroup;
			children = (
				851A76BA201FF14000513747 /* AppDelegate.swift */,
				851A76BC201FF14000513747 /* ViewController.swift */,
				851A76BE201FF14000513747 /* Main.storyboard */,
				851A76C1201FF14000513747 /* Assets.xcassets */,
				851A76C3201FF14000513747 /* LaunchScreen.storyboard */,
				851A76C6201FF14000513747 /* Info.plist */,
			);
			path = transiciones;
			sourceTree = "<group>";
		};
		851A76CE201FF14000513747 /* transicionesTests */ = {
			isa = PBXGroup;
			children = (
				851A76CF201FF14000513747 /* transicionesTests.swift */,
				851A76D1201FF14000513747 /* Info.plist */,
			);
			path = transicionesTests;
			sourceTree = "<group>";
		};
		851A76D9201FF14000513747 /* transicionesUITests */ = {
			isa = PBXGroup;
			children = (
				851A76DA201FF14000513747 /* transicionesUITests.swift */,
				851A76DC201FF14000513747 /* Info.plist */,
			);
			path = transicionesUITests;
			sourceTree = "<group>";
		};
/* End PBXGroup section */

/* Begin PBXNativeTarget section */
		851A76B6201FF13F00513747 /* transiciones */ = {
			isa = PBXNativeTarget;
			buildConfigurationList = 851A76DF201FF14000513747 /* Build configuration list for PBXNativeTarget "transiciones" */;
			buildPhases = (
				851A76B3201FF13F00513747 /* Sources */,
				851A76B4201FF13F00513747 /* Frameworks */,
				851A76B5201FF13F00513747 /* Resources */,
			);
			buildRules = (
			);
			dependencies = (
			);
			name = transiciones;
			productName = transiciones;
			productReference = 851A76B7201FF14000513747 /* transiciones.app */;
			productType = "com.apple.product-type.application";
		};
		851A76CA201FF14000513747 /* transicionesTests */ = {
			isa = PBXNativeTarget;
			buildConfigurationList = 851A76E2201FF14000513747 /* Build configuration list for PBXNativeTarget "transicionesTests" */;
			buildPhases = (
				851A76C7201FF14000513747 /* Sources */,
				851A76C8201FF14000513747 /* Frameworks */,
				851A76C9201FF14000513747 /* Resources */,
			);
			buildRules = (
			);
			dependencies = (
				851A76CD201FF14000513747 /* PBXTargetDependency */,
			);
			name = transicionesTests;
			productName = transicionesTests;
			productReference = 851A76CB201FF14000513747 /* transicionesTests.xctest */;
			productType = "com.apple.product-type.bundle.unit-test";
		};
		851A76D5201FF14000513747 /* transicionesUITests */ = {
			isa = PBXNativeTarget;
			buildConfigurationList = 851A76E5201FF14000513747 /* Build configuration list for PBXNativeTarget "transicionesUITests" */;
			buildPhases = (
				851A76D2201FF14000513747 /* Sources */,
				851A76D3201FF14000513747 /* Frameworks */,
				851A76D4201FF14000513747 /* Resources */,
			);
			buildRules = (
			);
			dependencies = (
				851A76D8201FF14000513747 /* PBXTargetDependency */,
			);
			name = transicionesUITests;
			productName = transicionesUITests;
			productReference = 851A76D6201FF14000513747 /* transicionesUITests.xctest */;
			productType = "com.apple.product-type.bundle.ui-testing";
		};
/* End PBXNativeTarget section */

/* Begin PBXProject section */
		851A76AF201FF13F00513747 /* Project object */ = {
			isa = PBXProject;
			attributes = {
				LastSwiftUpdateCheck = 0820;
				LastUpgradeCheck = 0820;
				ORGANIZATIONNAME = Maestro;
				TargetAttributes = {
					851A76B6201FF13F00513747 = {
						CreatedOnToolsVersion = 8.2;
						ProvisioningStyle = Automatic;
					};
					851A76CA201FF14000513747 = {
						CreatedOnToolsVersion = 8.2;
						ProvisioningStyle = Automatic;
						TestTargetID = 851A76B6201FF13F00513747;
					};
					851A76D5201FF14000513747 = {
						CreatedOnToolsVersion = 8.2;
						ProvisioningStyle = Automatic;
						TestTargetID = 851A76B6201FF13F00513747;
					};
				};
			};
			buildConfigurationList = 851A76B2201FF13F00513747 /* Build configuration list for PBXProject "transiciones" */;
			compatibilityVersion = "Xcode 3.2";
			developmentRegion = English;
			hasScannedForEncodings = 0;
			knownRegions = (
				en,
				Base,
			);
			mainGroup = 851A76AE201FF13F00513747;
			productRefGroup = 851A76B8201FF14000513747 /* Products */;
			projectDirPath = "";
			projectRoot = "";
			targets = (
				851A76B6201FF13F00513747 /* transiciones */,
				851A76CA201FF14000513747 /* transicionesTests */,
				851A76D5201FF14000513747 /* transicionesUITests */,
			);
		};
/* End PBXProject section */

/* Begin PBXResourcesBuildPhase section */
		851A76B5201FF13F00513747 /* Resources */ = {
			isa = PBXResourcesBuildPhase;
			buildActionMask = 2147483647;
			files = (
				851A76C5201FF14000513747 /* LaunchScreen.storyboard in Resources */,
				851A76C2201FF14000513747 /* Assets.xcassets in Resources */,
				851A76C0201FF14000513747 /* Main.storyboard in Resources */,
			);
			runOnlyForDeploymentPostprocessing = 0;
		};
		851A76C9201FF14000513747 /* Resources */ = {
			isa = PBXResourcesBuildPhase;
			buildActionMask = 2147483647;
			files = (
			);
			runOnlyForDeploymentPostprocessing = 0;
		};
		851A76D4201FF14000513747 /* Resources */ = {
			isa = PBXResourcesBuildPhase;
			buildActionMask = 2147483647;
			files = (
			);
			runOnlyForDeploymentPostprocessing = 0;
		};
/* End PBXResourcesBuildPhase section */

/* Begin PBXSourcesBuildPhase section */
		851A76B3201FF13F00513747 /* Sources */ = {
			isa = PBXSourcesBuildPhase;
			buildActionMask = 2147483647;
			files = (
				851A76BD201FF14000513747 /* ViewController.swift in Sources */,
				851A76BB201FF14000513747 /* AppDelegate.swift in Sources */,
			);
			runOnlyForDeploymentPostprocessing = 0;
		};
		851A76C7201FF14000513747 /* Sources */ = {
			isa = PBXSourcesBuildPhase;
			buildActionMask = 2147483647;
			files = (
				851A76D0201FF14000513747 /* transicionesTests.swift in Sources */,
			);
			runOnlyForDeploymentPostprocessing = 0;
		};
		851A76D2201FF14000513747 /* Sources */ = {
			isa = PBXSourcesBuildPhase;
			buildActionMask = 2147483647;
			files = (
				851A76DB201FF14000513747 /* transicionesUITests.swift in Sources */,
			);
			runOnlyForDeploymentPostprocessing = 0;
		};
/* End PBXSourcesBuildPhase section */

/* Begin PBXTargetDependency section */
		851A76CD201FF14000513747 /* PBXTargetDependency */ = {
			isa = PBXTargetDependency;
			target = 851A76B6201FF13F00513747 /* transiciones */;
			targetProxy = 851A76CC201FF14000513747 /* PBXContainerItemProxy */;
		};
		851A76D8201FF14000513747 /* PBXTargetDependency */ = {
			isa = PBXTargetDependency;
			target = 851A76B6201FF13F00513747 /* transiciones */;
			targetProxy = 851A76D7201FF14000513747 /* PBXContainerItemProxy */;
		};
/* End PBXTargetDependency section */

/* Begin PBXVariantGroup section */
		851A76BE201FF14000513747 /* Main.storyboard */ = {
			isa = PBXVariantGroup;
			children = (
				851A76BF201FF14000513747 /* Base */,
			);
			name = Main.storyboard;
			sourceTree = "<group>";
		};
		851A76C3201FF14000513747 /* LaunchScreen.storyboard */ = {
			isa = PBXVariantGroup;
			children = (
				851A76C4201FF14000513747 /* Base */,
			);
			name = LaunchScreen.storyboard;
			sourceTree = "<group>";
		};
/* End PBXVariantGroup section */

/* Begin XCBuildConfiguration section */
		851A76DD201FF14000513747 /* Debug */ = {
			isa = XCBuildConfiguration;
			buildSettings = {
				ALWAYS_SEARCH_USER_PATHS = NO;
				CLANG_ANALYZER_NONNULL = YES;
				CLANG_CXX_LANGUAGE_STANDARD = "gnu++0x";
				CLANG_CXX_LIBRARY = "libc++";
				CLANG_ENABLE_MODULES = YES;
				CLANG_ENABLE_OBJC_ARC = YES;
				CLANG_WARN_BOOL_CONVERSION = YES;
				CLANG_WARN_CONSTANT_CONVERSION = YES;
				CLANG_WARN_DIRECT_OBJC_ISA_USAGE = YES_ERROR;
				CLANG_WARN_DOCUMENTATION_COMMENTS = YES;
				CLANG_WARN_EMPTY_BODY = YES;
				CLANG_WARN_ENUM_CONVERSION = YES;
				CLANG_WARN_INFINITE_RECURSION = YES;
				CLANG_WARN_INT_CONVERSION = YES;
				CLANG_WARN_OBJC_ROOT_CLASS = YES_ERROR;
				CLANG_WARN_SUSPICIOUS_MOVE = YES;
				CLANG_WARN_UNREACHABLE_CODE = YES;
				CLANG_WARN__DUPLICATE_METHOD_MATCH = YES;
				"CODE_SIGN_IDENTITY[sdk=iphoneos*]" = "iPhone Developer";
				COPY_PHASE_STRIP = NO;
				DEBUG_INFORMATION_FORMAT = dwarf;
				ENABLE_STRICT_OBJC_MSGSEND = YES;
				ENABLE_TESTABILITY = YES;
				GCC_C_LANGUAGE_STANDARD = gnu99;
				GCC_DYNAMIC_NO_PIC = NO;
				GCC_NO_COMMON_BLOCKS = YES;
				GCC_OPTIMIZATION_LEVEL = 0;
				GCC_PREPROCESSOR_DEFINITIONS = (
					"DEBUG=1",
					"$(inherited)",
				);
				GCC_WARN_64_TO_32_BIT_CONVERSION = YES;
				GCC_WARN_ABOUT_RETURN_TYPE = YES_ERROR;
				GCC_WARN_UNDECLARED_SELECTOR = YES;
				GCC_WARN_UNINITIALIZED_AUTOS = YES_AGGRESSIVE;
				GCC_WARN_UNUSED_FUNCTION = YES;
				GCC_WARN_UNUSED_VARIABLE = YES;
				IPHONEOS_DEPLOYMENT_TARGET = 10.2;
				MTL_ENABLE_DEBUG_INFO = YES;
				ONLY_ACTIVE_ARCH = YES;
				SDKROOT = iphoneos;
				SWIFT_ACTIVE_COMPILATION_CONDITIONS = DEBUG;
				SWIFT_OPTIMIZATION_LEVEL = "-Onone";
				TARGETED_DEVICE_FAMILY = "1,2";
			};
			name = Debug;
		};
		851A76DE201FF14000513747 /* Release */ = {
			isa = XCBuildConfiguration;
			buildSettings = {
				ALWAYS_SEARCH_USER_PATHS = NO;
				CLANG_ANALYZER_NONNULL = YES;
				CLANG_CXX_LANGUAGE_STANDARD = "gnu++0x";
				CLANG_CXX_LIBRARY = "libc++";
				CLANG_ENABLE_MODULES = YES;
				CLANG_ENABLE_OBJC_ARC = YES;
				CLANG_WARN_BOOL_CONVERSION = YES;
				CLANG_WARN_CONSTANT_CONVERSION = YES;
				CLANG_WARN_DIRECT_OBJC_ISA_USAGE = YES_ERROR;
				CLANG_WARN_DOCUMENTATION_COMMENTS = YES;
				CLANG_WARN_EMPTY_BODY = YES;
				CLANG_WARN_ENUM_CONVERSION = YES;
				CLANG_WARN_INFINITE_RECURSION = YES;
				CLANG_WARN_INT_CONVERSION = YES;
				CLANG_WARN_OBJC_ROOT_CLASS = YES_ERROR;
				CLANG_WARN_SUSPICIOUS_MOVE = YES;
				CLANG_WARN_UNREACHABLE_CODE = YES;
				CLANG_WARN__DUPLICATE_METHOD_MATCH = YES;
				"CODE_SIGN_IDENTITY[sdk=iphoneos*]" = "iPhone Developer";
				COPY_PHASE_STRIP = NO;
				DEBUG_INFORMATION_FORMAT = "dwarf-with-dsym";
				ENABLE_NS_ASSERTIONS = NO;
				ENABLE_STRICT_OBJC_MSGSEND = YES;
				GCC_C_LANGUAGE_STANDARD = gnu99;
				GCC_NO_COMMON_BLOCKS = YES;
				GCC_WARN_64_TO_32_BIT_CONVERSION = YES;
				GCC_WARN_ABOUT_RETURN_TYPE = YES_ERROR;
				GCC_WARN_UNDECLARED_SELECTOR = YES;
				GCC_WARN_UNINITIALIZED_AUTOS = YES_AGGRESSIVE;
				GCC_WARN_UNUSED_FUNCTION = YES;
				GCC_WARN_UNUSED_VARIABLE = YES;
				IPHONEOS_DEPLOYMENT_TARGET = 10.2;
				MTL_ENABLE_DEBUG_INFO = NO;
				SDKROOT = iphoneos;
				SWIFT_OPTIMIZATION_LEVEL = "-Owholemodule";
				TARGETED_DEVICE_FAMILY = "1,2";
				VALIDATE_PRODUCT = YES;
			};
			name = Release;
		};
		851A76E0201FF14000513747 /* Debug */ = {
			isa = XCBuildConfiguration;
			buildSettings = {
				ASSETCATALOG_COMPILER_APPICON_NAME = AppIcon;
				INFOPLIST_FILE = transiciones/Info.plist;
				LD_RUNPATH_SEARCH_PATHS = "$(inherited) @executable_path/Frameworks";
				PRODUCT_BUNDLE_IDENTIFIER = edu.ulsa.transiciones;
				PRODUCT_NAME = "$(TARGET_NAME)";
				SWIFT_VERSION = 3.0;
			};
			name = Debug;
		};
		851A76E1201FF14000513747 /* Release */ = {
			isa = XCBuildConfiguration;
			buildSettings = {
				ASSETCATALOG_COMPILER_APPICON_NAME = AppIcon;
				INFOPLIST_FILE = transiciones/Info.plist;
				LD_RUNPATH_SEARCH_PATHS = "$(inherited) @executable_path/Frameworks";
				PRODUCT_BUNDLE_IDENTIFIER = edu.ulsa.transiciones;
				PRODUCT_NAME = "$(TARGET_NAME)";
				SWIFT_VERSION = 3.0;
			};
			name = Release;
		};
		851A76E3201FF14000513747 /* Debug */ = {
			isa = XCBuildConfiguration;
			buildSettings = {
				ALWAYS_EMBED_SWIFT_STANDARD_LIBRARIES = YES;
				BUNDLE_LOADER = "$(TEST_HOST)";
				INFOPLIST_FILE = transicionesTests/Info.plist;
				LD_RUNPATH_SEARCH_PATHS = "$(inherited) @executable_path/Frameworks @loader_path/Frameworks";
				PRODUCT_BUNDLE_IDENTIFIER = edu.ulsa.transicionesTests;
				PRODUCT_NAME = "$(TARGET_NAME)";
				SWIFT_VERSION = 3.0;
				TEST_HOST = "$(BUILT_PRODUCTS_DIR)/transiciones.app/transiciones";
			};
			name = Debug;
		};
		851A76E4201FF14000513747 /* Release */ = {
			isa = XCBuildConfiguration;
			buildSettings = {
				ALWAYS_EMBED_SWIFT_STANDARD_LIBRARIES = YES;
				BUNDLE_LOADER = "$(TEST_HOST)";
				INFOPLIST_FILE = transicionesTests/Info.plist;
				LD_RUNPATH_SEARCH_PATHS = "$(inherited) @executable_path/Frameworks @loader_path/Frameworks";
				PRODUCT_BUNDLE_IDENTIFIER = edu.ulsa.transicionesTests;
				PRODUCT_NAME = "$(TARGET_NAME)";
				SWIFT_VERSION = 3.0;
				TEST_HOST = "$(BUILT_PRODUCTS_DIR)/transiciones.app/transiciones";
			};
			name = Release;
		};
		851A76E6201FF14000513747 /* Debug */ = {
			isa = XCBuildConfiguration;
			buildSettings = {
				ALWAYS_EMBED_SWIFT_STANDARD_LIBRARIES = YES;
				INFOPLIST_FILE = transicionesUITests/Info.plist;
				LD_RUNPATH_SEARCH_PATHS = "$(inherited) @executable_path/Frameworks @loader_path/Frameworks";
				PRODUCT_BUNDLE_IDENTIFIER = edu.ulsa.transicionesUITests;
				PRODUCT_NAME = "$(TARGET_NAME)";
				SWIFT_VERSION = 3.0;
				TEST_TARGET_NAME = transiciones;
			};
			name = Debug;
		};
		851A76E7201FF14000513747 /* Release */ = {
			isa = XCBuildConfiguration;
			buildSettings = {
				ALWAYS_EMBED_SWIFT_STANDARD_LIBRARIES = YES;
				INFOPLIST_FILE = transicionesUITests/Info.plist;
				LD_RUNPATH_SEARCH_PATHS = "$(inherited) @executable_path/Frameworks @loader_path/Frameworks";
				PRODUCT_BUNDLE_IDENTIFIER = edu.ulsa.transicionesUITests;
				PRODUCT_NAME = "$(TARGET_NAME)";
				SWIFT_VERSION = 3.0;
				TEST_TARGET_NAME = transiciones;
			};
			name = Release;
		};
/* End XCBuildConfiguration section */

/* Begin XCConfigurationList section */
		851A76B2201FF13F00513747 /* Build configuration list for PBXProject "transiciones" */ = {
			isa = XCConfigurationList;
			buildConfigurations = (
				851A76DD201FF14000513747 /* Debug */,
				851A76DE201FF14000513747 /* Release */,
			);
			defaultConfigurationIsVisible = 0;
			defaultConfigurationName = Release;
		};
		851A76DF201FF14000513747 /* Build configuration list for PBXNativeTarget "transiciones" */ = {
			isa = XCConfigurationList;
			buildConfigurations = (
				851A76E0201FF14000513747 /* Debug */,
				851A76E1201FF14000513747 /* Release */,
			);
			defaultConfigurationIsVisible = 0;
		};
		851A76E2201FF14000513747 /* Build configuration list for PBXNativeTarget "transicionesTests" */ = {
			isa = XCConfigurationList;
			buildConfigurations = (
				851A76E3201FF14000513747 /* Debug */,
				851A76E4201FF14000513747 /* Release */,
			);
			defaultConfigurationIsVisible = 0;
		};
		851A76E5201FF14000513747 /* Build configuration list for PBXNativeTarget "transicionesUITests" */ = {
			isa = XCConfigurationList;
			buildConfigurations = (
				851A76E6201FF14000513747 /* Debug */,
				851A76E7201FF14000513747 /* Release */,
			);
			defaultConfigurationIsVisible = 0;
		};
/* End XCConfigurationList section */
	};
	rootObject = 851A76AF201FF13F00513747 /* Project object */;
}
